
Microsoft Visual Studio Solution File, Format Version 12.00
# Visual Studio Version 17
VisualStudioVersion = 17.6.33723.286
MinimumVisualStudioVersion = 10.0.40219.1
Project("{FAE04EC0-301F-11D3-BF4B-00C04F79EFBC}") = "UI design", "UI design\UI design.csproj", "{42D2D0B4-FF9B-44B2-BA7F-7EE926483818}"
EndProject
Global
	GlobalSection(SolutionConfigurationPlatforms) = preSolution
		Debug|Any CPU = Debug|Any CPU
		Release|Any CPU = Release|Any CPU
	EndGlobalSection
	GlobalSection(ProjectConfigurationPlatforms) = postSolution
		{42D2D0B4-FF9B-44B2-BA7F-7EE926483818}.Debug|Any CPU.ActiveCfg = Debug|Any CPU
		{42D2D0B4-FF9B-44B2-BA7F-7EE926483818}.Debug|Any CPU.Build.0 = Debug|Any CPU
		{42D2D0B4-FF9B-44B2-BA7F-7EE926483818}.Release|Any CPU.ActiveCfg = Release|Any CPU
		{42D2D0B4-FF9B-44B2-BA7F-7EE926483818}.Release|Any CPU.Build.0 = Release|Any CPU
	EndGlobalSection
	GlobalSection(SolutionProperties) = preSolution
		HideSolutionNode = FALSE
	EndGlobalSection
	GlobalSection(ExtensibilityGlobals) = postSolution
		SolutionGuid = {01834EBE-EFF7-4B62-891D-04761AD48D90}
	EndGlobalSection
EndGlobal
